
Microsoft Visual Studio Solution File, Format Version 12.00
# Visual Studio Version 17
VisualStudioVersion = 17.0.31919.166
MinimumVisualStudioVersion = 10.0.40219.1
Project("{FAE04EC0-301F-11D3-BF4B-00C04F79EFBC}") = "AppRelationModel5", "AppRelationModel5.csproj", "{04AEF624-4D44-450C-82B2-1F40725FD20C}"
EndProject
Global
	GlobalSection(SolutionConfigurationPlatforms) = preSolution
		Debug|Any CPU = Debug|Any CPU
		Release|Any CPU = Release|Any CPU
	EndGlobalSection
	GlobalSection(ProjectConfigurationPlatforms) = postSolution
		{04AEF624-4D44-450C-82B2-1F40725FD20C}.Debug|Any CPU.ActiveCfg = Debug|Any CPU
		{04AEF624-4D44-450C-82B2-1F40725FD20C}.Debug|Any CPU.Build.0 = Debug|Any CPU
		{04AEF624-4D44-450C-82B2-1F40725FD20C}.Release|Any CPU.ActiveCfg = Release|Any CPU
		{04AEF624-4D44-450C-82B2-1F40725FD20C}.Release|Any CPU.Build.0 = Release|Any CPU
	EndGlobalSection
	GlobalSection(SolutionProperties) = preSolution
		HideSolutionNode = FALSE
	EndGlobalSection
	GlobalSection(ExtensibilityGlobals) = postSolution
		SolutionGuid = {1D1FD53F-ADA6-4231-8712-44C5AD0932AA}
	EndGlobalSection
EndGlobal
